
Microsoft Visual Studio Solution File, Format Version 12.00
# Visual Studio 14
VisualStudioVersion = 14.0.24720.0
MinimumVisualStudioVersion = 10.0.40219.1
Project("{2150E333-8FDC-42A3-9474-1A3956D46DE8}") = "Solution Items", "Solution Items", "{58615C45-8F92-4D06-AB46-B66A635F1664}"
EndProject
Project("{FAE04EC0-301F-11D3-BF4B-00C04F79EFBC}") = "dotCoverCompare", "dotCoverCompare\dotCoverCompare.csproj", "{3DABA2C9-FB3D-4BBF-93BB-D2D99E42087A}"
EndProject
Project("{2150E333-8FDC-42A3-9474-1A3956D46DE8}") = "Tests", "Tests", "{4ABB1658-3210-4555-8108-366E09ECC551}"
EndProject
Project("{FAE04EC0-301F-11D3-BF4B-00C04F79EFBC}") = "dotCoverCompare.Tests.Unit", "dotCoverCompare.Tests.Unit\dotCoverCompare.Tests.Unit.csproj", "{3F016426-99C6-4C6E-B138-4E6585F35900}"
EndProject
Global
	GlobalSection(SolutionConfigurationPlatforms) = preSolution
		Debug|Any CPU = Debug|Any CPU
		Release|Any CPU = Release|Any CPU
	EndGlobalSection
	GlobalSection(ProjectConfigurationPlatforms) = postSolution
		{3DABA2C9-FB3D-4BBF-93BB-D2D99E42087A}.Debug|Any CPU.ActiveCfg = Debug|Any CPU
		{3DABA2C9-FB3D-4BBF-93BB-D2D99E42087A}.Debug|Any CPU.Build.0 = Debug|Any CPU
		{3DABA2C9-FB3D-4BBF-93BB-D2D99E42087A}.Release|Any CPU.ActiveCfg = Release|Any CPU
		{3DABA2C9-FB3D-4BBF-93BB-D2D99E42087A}.Release|Any CPU.Build.0 = Release|Any CPU
		{3F016426-99C6-4C6E-B138-4E6585F35900}.Debug|Any CPU.ActiveCfg = Debug|Any CPU
		{3F016426-99C6-4C6E-B138-4E6585F35900}.Debug|Any CPU.Build.0 = Debug|Any CPU
		{3F016426-99C6-4C6E-B138-4E6585F35900}.Release|Any CPU.ActiveCfg = Release|Any CPU
		{3F016426-99C6-4C6E-B138-4E6585F35900}.Release|Any CPU.Build.0 = Release|Any CPU
	EndGlobalSection
	GlobalSection(SolutionProperties) = preSolution
		HideSolutionNode = FALSE
	EndGlobalSection
	GlobalSection(NestedProjects) = preSolution
		{3F016426-99C6-4C6E-B138-4E6585F35900} = {4ABB1658-3210-4555-8108-366E09ECC551}
	EndGlobalSection
EndGlobal
